// !$*UTF8*$!
{
	archiveVersion = 1;
	classes = {
	};
	objectVersion = 46;
	objects = {

/* Begin PBXBuildFile section */
		112D7CAF1F7B77D200FB5E00 /* Place.swift in Sources */ = {isa = PBXBuildFile; fileRef = 112D7CAE1F7B77D200FB5E00 /* Place.swift */; };
		112D7CB11F7B7C5800FB5E00 /* SearchViewController.swift in Sources */ = {isa = PBXBuildFile; fileRef = 112D7CB01F7B7C5800FB5E00 /* SearchViewController.swift */; };
		112D7CB31F7B7FB900FB5E00 /* PlaceCell.swift in Sources */ = {isa = PBXBuildFile; fileRef = 112D7CB21F7B7FB900FB5E00 /* PlaceCell.swift */; };
		11C5CED11F795A0D00CCB8A1 /* LocationData.swift in Sources */ = {isa = PBXBuildFile; fileRef = 11C5CED01F795A0D00CCB8A1 /* LocationData.swift */; };
		251E33EE1F77FE4C0011B98B /* AppDelegate.swift in Sources */ = {isa = PBXBuildFile; fileRef = 251E33ED1F77FE4C0011B98B /* AppDelegate.swift */; };
		251E33F01F77FE4C0011B98B /* ViewController.swift in Sources */ = {isa = PBXBuildFile; fileRef = 251E33EF1F77FE4C0011B98B /* ViewController.swift */; };
		251E33F31F77FE4C0011B98B /* Main.storyboard in Resources */ = {isa = PBXBuildFile; fileRef = 251E33F11F77FE4C0011B98B /* Main.storyboard */; };
		251E33F81F77FE4C0011B98B /* LaunchScreen.storyboard in Resources */ = {isa = PBXBuildFile; fileRef = 251E33F61F77FE4C0011B98B /* LaunchScreen.storyboard */; };
		251E34031F77FE4C0011B98B /* SG_Heritage_ExplorerTests.swift in Sources */ = {isa = PBXBuildFile; fileRef = 251E34021F77FE4C0011B98B /* SG_Heritage_ExplorerTests.swift */; };
		251E34161F7815110011B98B /* Heritage.swift in Sources */ = {isa = PBXBuildFile; fileRef = 251E34151F7815110011B98B /* Heritage.swift */; };
		251E34181F7815210011B98B /* Quiz.swift in Sources */ = {isa = PBXBuildFile; fileRef = 251E34171F7815210011B98B /* Quiz.swift */; };
		251E341A1F78152B0011B98B /* User.swift in Sources */ = {isa = PBXBuildFile; fileRef = 251E34191F78152B0011B98B /* User.swift */; };
		251E341C1F7815360011B98B /* Location.swift in Sources */ = {isa = PBXBuildFile; fileRef = 251E341B1F7815360011B98B /* Location.swift */; };
		251E341F1F78154A0011B98B /* Rewards.swift in Sources */ = {isa = PBXBuildFile; fileRef = 251E341E1F78154A0011B98B /* Rewards.swift */; };
		251E34221F781C350011B98B /* MapUtilities.swift in Sources */ = {isa = PBXBuildFile; fileRef = 251E34211F781C350011B98B /* MapUtilities.swift */; };
		253268C71F78C8F400F0FBBB /* test.gpx in Resources */ = {isa = PBXBuildFile; fileRef = 253268C51F78C8F400F0FBBB /* test.gpx */; };
		253268C81F78C8F400F0FBBB /* TestLocations 14-01-07-612.gpx in Resources */ = {isa = PBXBuildFile; fileRef = 253268C61F78C8F400F0FBBB /* TestLocations 14-01-07-612.gpx */; };
		25773DF21F7A4FB7003D7A9F /* RewardsViewController.swift in Sources */ = {isa = PBXBuildFile; fileRef = 25773DF11F7A4FB7003D7A9F /* RewardsViewController.swift */; };
		25773DF41F7A4FEA003D7A9F /* PopUpViewController.swift in Sources */ = {isa = PBXBuildFile; fileRef = 25773DF31F7A4FEA003D7A9F /* PopUpViewController.swift */; };
		25E28C641F7977B4009C254E /* AppUtilities.swift in Sources */ = {isa = PBXBuildFile; fileRef = 25E28C631F7977B4009C254E /* AppUtilities.swift */; };
		25E28C6A1F7A1EA0009C254E /* Assets.xcassets in Resources */ = {isa = PBXBuildFile; fileRef = 25E28C691F7A1EA0009C254E /* Assets.xcassets */; };
		25E28C701F7A2249009C254E /* turn-right (1).png in Resources */ = {isa = PBXBuildFile; fileRef = 25E28C6F1F7A2249009C254E /* turn-right (1).png */; };
		45E110DB39A9F2F6DD858BFD /* Pods_SG_Heritage_Explorer.framework in Frameworks */ = {isa = PBXBuildFile; fileRef = BE8EC942537505860B083C07 /* Pods_SG_Heritage_Explorer.framework */; };
		8AD2F627ACA3B3AD5E9A419F /* Pods_SG_Heritage_ExplorerTests.framework in Frameworks */ = {isa = PBXBuildFile; fileRef = 54C06E26D150DE73A487BCD8 /* Pods_SG_Heritage_ExplorerTests.framework */; };
/* End PBXBuildFile section */

/* Begin PBXContainerItemProxy section */
		251E33FF1F77FE4C0011B98B /* PBXContainerItemProxy */ = {
			isa = PBXContainerItemProxy;
			containerPortal = 251E33E21F77FE4C0011B98B /* Project object */;
			proxyType = 1;
			remoteGlobalIDString = 251E33E91F77FE4C0011B98B;
			remoteInfo = "SG Heritage Explorer";
		};
/* End PBXContainerItemProxy section */

/* Begin PBXFileReference section */
		112D7CAE1F7B77D200FB5E00 /* Place.swift */ = {isa = PBXFileReference; fileEncoding = 4; lastKnownFileType = sourcecode.swift; path = Place.swift; sourceTree = "<group>"; };
		112D7CB01F7B7C5800FB5E00 /* SearchViewController.swift */ = {isa = PBXFileReference; fileEncoding = 4; lastKnownFileType = sourcecode.swift; path = SearchViewController.swift; sourceTree = "<group>"; };
		112D7CB21F7B7FB900FB5E00 /* PlaceCell.swift */ = {isa = PBXFileReference; fileEncoding = 4; lastKnownFileType = sourcecode.swift; path = PlaceCell.swift; sourceTree = "<group>"; };
		11C5CED01F795A0D00CCB8A1 /* LocationData.swift */ = {isa = PBXFileReference; fileEncoding = 4; lastKnownFileType = sourcecode.swift; path = LocationData.swift; sourceTree = "<group>"; };
		251E33EA1F77FE4C0011B98B /* SG Heritage Explorer.app */ = {isa = PBXFileReference; explicitFileType = wrapper.application; includeInIndex = 0; path = "SG Heritage Explorer.app"; sourceTree = BUILT_PRODUCTS_DIR; };
		251E33ED1F77FE4C0011B98B /* AppDelegate.swift */ = {isa = PBXFileReference; lastKnownFileType = sourcecode.swift; path = AppDelegate.swift; sourceTree = "<group>"; };
		251E33EF1F77FE4C0011B98B /* ViewController.swift */ = {isa = PBXFileReference; lastKnownFileType = sourcecode.swift; path = ViewController.swift; sourceTree = "<group>"; };
		251E33F21F77FE4C0011B98B /* Base */ = {isa = PBXFileReference; lastKnownFileType = file.storyboard; name = Base; path = Base.lproj/Main.storyboard; sourceTree = "<group>"; };
		251E33F71F77FE4C0011B98B /* Base */ = {isa = PBXFileReference; lastKnownFileType = file.storyboard; name = Base; path = Base.lproj/LaunchScreen.storyboard; sourceTree = "<group>"; };
		251E33F91F77FE4C0011B98B /* Info.plist */ = {isa = PBXFileReference; lastKnownFileType = text.plist.xml; path = Info.plist; sourceTree = "<group>"; };
		251E33FE1F77FE4C0011B98B /* SG Heritage ExplorerTests.xctest */ = {isa = PBXFileReference; explicitFileType = wrapper.cfbundle; includeInIndex = 0; path = "SG Heritage ExplorerTests.xctest"; sourceTree = BUILT_PRODUCTS_DIR; };
		251E34021F77FE4C0011B98B /* SG_Heritage_ExplorerTests.swift */ = {isa = PBXFileReference; lastKnownFileType = sourcecode.swift; path = SG_Heritage_ExplorerTests.swift; sourceTree = "<group>"; };
		251E34041F77FE4C0011B98B /* Info.plist */ = {isa = PBXFileReference; lastKnownFileType = text.plist.xml; path = Info.plist; sourceTree = "<group>"; };
		251E34151F7815110011B98B /* Heritage.swift */ = {isa = PBXFileReference; fileEncoding = 4; lastKnownFileType = sourcecode.swift; path = Heritage.swift; sourceTree = "<group>"; };
		251E34171F7815210011B98B /* Quiz.swift */ = {isa = PBXFileReference; fileEncoding = 4; lastKnownFileType = sourcecode.swift; path = Quiz.swift; sourceTree = "<group>"; };
		251E34191F78152B0011B98B /* User.swift */ = {isa = PBXFileReference; fileEncoding = 4; lastKnownFileType = sourcecode.swift; path = User.swift; sourceTree = "<group>"; };
		251E341B1F7815360011B98B /* Location.swift */ = {isa = PBXFileReference; fileEncoding = 4; lastKnownFileType = sourcecode.swift; path = Location.swift; sourceTree = "<group>"; };
		251E341E1F78154A0011B98B /* Rewards.swift */ = {isa = PBXFileReference; fileEncoding = 4; lastKnownFileType = sourcecode.swift; path = Rewards.swift; sourceTree = "<group>"; };
		251E34211F781C350011B98B /* MapUtilities.swift */ = {isa = PBXFileReference; fileEncoding = 4; lastKnownFileType = sourcecode.swift; path = MapUtilities.swift; sourceTree = "<group>"; };
		253268C51F78C8F400F0FBBB /* test.gpx */ = {isa = PBXFileReference; fileEncoding = 4; lastKnownFileType = text.xml; path = test.gpx; sourceTree = "<group>"; };
		253268C61F78C8F400F0FBBB /* TestLocations 14-01-07-612.gpx */ = {isa = PBXFileReference; fileEncoding = 4; lastKnownFileType = text.xml; path = "TestLocations 14-01-07-612.gpx"; sourceTree = "<group>"; };
		25773DF11F7A4FB7003D7A9F /* RewardsViewController.swift */ = {isa = PBXFileReference; fileEncoding = 4; lastKnownFileType = sourcecode.swift; path = RewardsViewController.swift; sourceTree = "<group>"; };
		25773DF31F7A4FEA003D7A9F /* PopUpViewController.swift */ = {isa = PBXFileReference; fileEncoding = 4; lastKnownFileType = sourcecode.swift; path = PopUpViewController.swift; sourceTree = "<group>"; };
		25E28C631F7977B4009C254E /* AppUtilities.swift */ = {isa = PBXFileReference; fileEncoding = 4; lastKnownFileType = sourcecode.swift; path = AppUtilities.swift; sourceTree = "<group>"; };
		25E28C691F7A1EA0009C254E /* Assets.xcassets */ = {isa = PBXFileReference; lastKnownFileType = folder.assetcatalog; path = Assets.xcassets; sourceTree = "<group>"; };
		25E28C6F1F7A2249009C254E /* turn-right (1).png */ = {isa = PBXFileReference; lastKnownFileType = image.png; path = "turn-right (1).png"; sourceTree = "<group>"; };
		25E4DF8D1F7B7C7D001692EF /* raffleplace.gpx */ = {isa = PBXFileReference; lastKnownFileType = text.xml; path = raffleplace.gpx; sourceTree = "<group>"; };
		25E4DF8E1F7B7C90001692EF /* botanicgarden.gpx */ = {isa = PBXFileReference; lastKnownFileType = text.xml; path = botanicgarden.gpx; sourceTree = "<group>"; };
		43BBC929AA6EDF465A22ED0E /* Pods-SG Heritage Explorer.release.xcconfig */ = {isa = PBXFileReference; includeInIndex = 1; lastKnownFileType = text.xcconfig; name = "Pods-SG Heritage Explorer.release.xcconfig"; path = "Pods/Target Support Files/Pods-SG Heritage Explorer/Pods-SG Heritage Explorer.release.xcconfig"; sourceTree = "<group>"; };
		54C06E26D150DE73A487BCD8 /* Pods_SG_Heritage_ExplorerTests.framework */ = {isa = PBXFileReference; explicitFileType = wrapper.framework; includeInIndex = 0; path = Pods_SG_Heritage_ExplorerTests.framework; sourceTree = BUILT_PRODUCTS_DIR; };
		79FF7AA4F6F27967FF31F508 /* Pods-SG Heritage ExplorerTests.debug.xcconfig */ = {isa = PBXFileReference; includeInIndex = 1; lastKnownFileType = text.xcconfig; name = "Pods-SG Heritage ExplorerTests.debug.xcconfig"; path = "Pods/Target Support Files/Pods-SG Heritage ExplorerTests/Pods-SG Heritage ExplorerTests.debug.xcconfig"; sourceTree = "<group>"; };
		815830FBA09A8E6CC3F2F1A4 /* Pods-SG Heritage Explorer.debug.xcconfig */ = {isa = PBXFileReference; includeInIndex = 1; lastKnownFileType = text.xcconfig; name = "Pods-SG Heritage Explorer.debug.xcconfig"; path = "Pods/Target Support Files/Pods-SG Heritage Explorer/Pods-SG Heritage Explorer.debug.xcconfig"; sourceTree = "<group>"; };
		A0AAE9C2C638C0800ED5EF06 /* Pods-SG Heritage ExplorerTests.release.xcconfig */ = {isa = PBXFileReference; includeInIndex = 1; lastKnownFileType = text.xcconfig; name = "Pods-SG Heritage ExplorerTests.release.xcconfig"; path = "Pods/Target Support Files/Pods-SG Heritage ExplorerTests/Pods-SG Heritage ExplorerTests.release.xcconfig"; sourceTree = "<group>"; };
		BE8EC942537505860B083C07 /* Pods_SG_Heritage_Explorer.framework */ = {isa = PBXFileReference; explicitFileType = wrapper.framework; includeInIndex = 0; path = Pods_SG_Heritage_Explorer.framework; sourceTree = BUILT_PRODUCTS_DIR; };
/* End PBXFileReference section */

/* Begin PBXFrameworksBuildPhase section */
		251E33E71F77FE4C0011B98B /* Frameworks */ = {
			isa = PBXFrameworksBuildPhase;
			buildActionMask = 2147483647;
			files = (
				45E110DB39A9F2F6DD858BFD /* Pods_SG_Heritage_Explorer.framework in Frameworks */,
			);
			runOnlyForDeploymentPostprocessing = 0;
		};
		251E33FB1F77FE4C0011B98B /* Frameworks */ = {
			isa = PBXFrameworksBuildPhase;
			buildActionMask = 2147483647;
			files = (
				8AD2F627ACA3B3AD5E9A419F /* Pods_SG_Heritage_ExplorerTests.framework in Frameworks */,
			);
			runOnlyForDeploymentPostprocessing = 0;
		};
/* End PBXFrameworksBuildPhase section */

/* Begin PBXGroup section */
		1CAB64CD58D2BC029A2FE754 /* Frameworks */ = {
			isa = PBXGroup;
			children = (
				BE8EC942537505860B083C07 /* Pods_SG_Heritage_Explorer.framework */,
				54C06E26D150DE73A487BCD8 /* Pods_SG_Heritage_ExplorerTests.framework */,
			);
			name = Frameworks;
			sourceTree = "<group>";
		};
		1D4E16C51F7ABAA300F24DB1 /* Custom Controllers */ = {
			isa = PBXGroup;
			children = (
				1D4E16C61F7ABB3600F24DB1 /* LatestRewards.swift */,
			);
			name = "Custom Controllers";
			sourceTree = "<group>";
		};
		251E33E11F77FE4C0011B98B = {
			isa = PBXGroup;
			children = (
				25E4DF8E1F7B7C90001692EF /* botanicgarden.gpx */,
				25E4DF8D1F7B7C7D001692EF /* raffleplace.gpx */,
				253268C51F78C8F400F0FBBB /* test.gpx */,
				253268C61F78C8F400F0FBBB /* TestLocations 14-01-07-612.gpx */,
				251E33EC1F77FE4C0011B98B /* SG Heritage Explorer */,
				251E34011F77FE4C0011B98B /* SG Heritage ExplorerTests */,
				251E33EB1F77FE4C0011B98B /* Products */,
				FD98015C30BCB683770DCF58 /* Pods */,
				1CAB64CD58D2BC029A2FE754 /* Frameworks */,
			);
			sourceTree = "<group>";
		};
		251E33EB1F77FE4C0011B98B /* Products */ = {
			isa = PBXGroup;
			children = (
				251E33EA1F77FE4C0011B98B /* SG Heritage Explorer.app */,
				251E33FE1F77FE4C0011B98B /* SG Heritage ExplorerTests.xctest */,
			);
			name = Products;
			sourceTree = "<group>";
		};
		251E33EC1F77FE4C0011B98B /* SG Heritage Explorer */ = {
			isa = PBXGroup;
			children = (
				1DF509061F7B79B000D831C9 /* UniversalStudios.png */,
				1DF509071F7B79B000D831C9 /* WildWildWet.png */,
				1DF509081F7B79B000D831C9 /* Zoo.png */,
				1D4E16C51F7ABAA300F24DB1 /* Custom Controllers */,
				251E34131F7814B50011B98B /* Storyboard */,
				251E34141F7814C30011B98B /* View Controllers */,
				251E34111F7814960011B98B /* Model */,
				251E34201F781C1D0011B98B /* Utilities */,
				253268C91F78CC1A00F0FBBB /* DataAccess */,
				25B569D01F7B6C1A001C760F /* Images */,
				251E33F91F77FE4C0011B98B /* Info.plist */,
				251E33ED1F77FE4C0011B98B /* AppDelegate.swift */,
				25E28C691F7A1EA0009C254E /* Assets.xcassets */,
			);
			path = "SG Heritage Explorer";
			sourceTree = "<group>";
		};
		251E34011F77FE4C0011B98B /* SG Heritage ExplorerTests */ = {
			isa = PBXGroup;
			children = (
				251E34021F77FE4C0011B98B /* SG_Heritage_ExplorerTests.swift */,
				251E34041F77FE4C0011B98B /* Info.plist */,
			);
			path = "SG Heritage ExplorerTests";
			sourceTree = "<group>";
		};
		251E34111F7814960011B98B /* Model */ = {
			isa = PBXGroup;
			children = (
				251E34191F78152B0011B98B /* User.swift */,
				251E34151F7815110011B98B /* Heritage.swift */,
				251E34171F7815210011B98B /* Quiz.swift */,
				251E341B1F7815360011B98B /* Location.swift */,
				251E341E1F78154A0011B98B /* Rewards.swift */,
			);
			name = Model;
			sourceTree = "<group>";
		};
		251E34131F7814B50011B98B /* Storyboard */ = {
			isa = PBXGroup;
			children = (
				251E33F11F77FE4C0011B98B /* Main.storyboard */,
				251E33F61F77FE4C0011B98B /* LaunchScreen.storyboard */,
			);
			name = Storyboard;
			sourceTree = "<group>";
		};
		251E34141F7814C30011B98B /* View Controllers */ = {
			isa = PBXGroup;
			children = (
				251E33EF1F77FE4C0011B98B /* ViewController.swift */,
				25773DF31F7A4FEA003D7A9F /* PopUpViewController.swift */,
				25773DF11F7A4FB7003D7A9F /* RewardsViewController.swift */,
				251E33EF1F77FE4C0011B98B /* ViewController.swift */,
				112D7CAE1F7B77D200FB5E00 /* Place.swift */,
				112D7CB01F7B7C5800FB5E00 /* SearchViewController.swift */,
				112D7CB21F7B7FB900FB5E00 /* PlaceCell.swift */,
			);
			name = "View Controllers";
			sourceTree = "<group>";
		};
		251E34201F781C1D0011B98B /* Utilities */ = {
			isa = PBXGroup;
			children = (
				251E34211F781C350011B98B /* MapUtilities.swift */,
				25E28C631F7977B4009C254E /* AppUtilities.swift */,
			);
			name = Utilities;
			sourceTree = "<group>";
		};
		253268C91F78CC1A00F0FBBB /* DataAccess */ = {
			isa = PBXGroup;
			children = (
				11C5CED01F795A0D00CCB8A1 /* LocationData.swift */,
			);
			name = DataAccess;
			sourceTree = "<group>";
		};
		25B569D01F7B6C1A001C760F /* Images */ = {
			isa = PBXGroup;
			children = (
				25E28C6F1F7A2249009C254E /* turn-right (1).png */,
			);
			name = Images;
			sourceTree = "<group>";
		};
		FD98015C30BCB683770DCF58 /* Pods */ = {
			isa = PBXGroup;
			children = (
				815830FBA09A8E6CC3F2F1A4 /* Pods-SG Heritage Explorer.debug.xcconfig */,
				43BBC929AA6EDF465A22ED0E /* Pods-SG Heritage Explorer.release.xcconfig */,
				79FF7AA4F6F27967FF31F508 /* Pods-SG Heritage ExplorerTests.debug.xcconfig */,
				A0AAE9C2C638C0800ED5EF06 /* Pods-SG Heritage ExplorerTests.release.xcconfig */,
			);
			name = Pods;
			sourceTree = "<group>";
		};
/* End PBXGroup section */

/* Begin PBXNativeTarget section */
		251E33E91F77FE4C0011B98B /* SG Heritage Explorer */ = {
			isa = PBXNativeTarget;
			buildConfigurationList = 251E34071F77FE4C0011B98B /* Build configuration list for PBXNativeTarget "SG Heritage Explorer" */;
			buildPhases = (
				8B8A5159A9804F00A10BB2AD /* [CP] Check Pods Manifest.lock */,
				251E33E61F77FE4C0011B98B /* Sources */,
				251E33E71F77FE4C0011B98B /* Frameworks */,
				251E33E81F77FE4C0011B98B /* Resources */,
				831D9B341071F85701675F5C /* [CP] Embed Pods Frameworks */,
				02D07F10AA9786CB50DBC2A5 /* [CP] Copy Pods Resources */,
			);
			buildRules = (
			);
			dependencies = (
			);
			name = "SG Heritage Explorer";
			productName = "SG Heritage Explorer";
			productReference = 251E33EA1F77FE4C0011B98B /* SG Heritage Explorer.app */;
			productType = "com.apple.product-type.application";
		};
		251E33FD1F77FE4C0011B98B /* SG Heritage ExplorerTests */ = {
			isa = PBXNativeTarget;
			buildConfigurationList = 251E340A1F77FE4C0011B98B /* Build configuration list for PBXNativeTarget "SG Heritage ExplorerTests" */;
			buildPhases = (
				14893F762F7C0D74091D5A2E /* [CP] Check Pods Manifest.lock */,
				251E33FA1F77FE4C0011B98B /* Sources */,
				251E33FB1F77FE4C0011B98B /* Frameworks */,
				251E33FC1F77FE4C0011B98B /* Resources */,
				7AB8ED70E3735788B50F5490 /* [CP] Embed Pods Frameworks */,
				29F97688E64E2F2026B588DA /* [CP] Copy Pods Resources */,
			);
			buildRules = (
			);
			dependencies = (
				251E34001F77FE4C0011B98B /* PBXTargetDependency */,
			);
			name = "SG Heritage ExplorerTests";
			productName = "SG Heritage ExplorerTests";
			productReference = 251E33FE1F77FE4C0011B98B /* SG Heritage ExplorerTests.xctest */;
			productType = "com.apple.product-type.bundle.unit-test";
		};
/* End PBXNativeTarget section */

/* Begin PBXProject section */
		251E33E21F77FE4C0011B98B /* Project object */ = {
			isa = PBXProject;
			attributes = {
				LastSwiftUpdateCheck = 0820;
				LastUpgradeCheck = 0820;
				ORGANIZATIONNAME = PawandeepSingh;
				TargetAttributes = {
					251E33E91F77FE4C0011B98B = {
						CreatedOnToolsVersion = 8.2.1;
						DevelopmentTeam = 7DV725VJBB;
						ProvisioningStyle = Automatic;
						SystemCapabilities = {
							com.apple.BackgroundModes = {
								enabled = 1;
							};
							com.apple.Maps.iOS = {
								enabled = 1;
							};
						};
					};
					251E33FD1F77FE4C0011B98B = {
						CreatedOnToolsVersion = 8.2.1;
						DevelopmentTeam = MZ483TW92Y;
						ProvisioningStyle = Automatic;
						TestTargetID = 251E33E91F77FE4C0011B98B;
					};
				};
			};
			buildConfigurationList = 251E33E51F77FE4C0011B98B /* Build configuration list for PBXProject "SG Heritage Explorer" */;
			compatibilityVersion = "Xcode 3.2";
			developmentRegion = English;
			hasScannedForEncodings = 0;
			knownRegions = (
				en,
				Base,
			);
			mainGroup = 251E33E11F77FE4C0011B98B;
			productRefGroup = 251E33EB1F77FE4C0011B98B /* Products */;
			projectDirPath = "";
			projectRoot = "";
			targets = (
				251E33E91F77FE4C0011B98B /* SG Heritage Explorer */,
				251E33FD1F77FE4C0011B98B /* SG Heritage ExplorerTests */,
			);
		};
/* End PBXProject section */

/* Begin PBXResourcesBuildPhase section */
		251E33E81F77FE4C0011B98B /* Resources */ = {
			isa = PBXResourcesBuildPhase;
			buildActionMask = 2147483647;
			files = (
				251E33F81F77FE4C0011B98B /* LaunchScreen.storyboard in Resources */,
				253268C71F78C8F400F0FBBB /* test.gpx in Resources */,
				1DF5090A1F7B79B000D831C9 /* WildWildWet.png in Resources */,
				251E33F31F77FE4C0011B98B /* Main.storyboard in Resources */,
				1DF509091F7B79B000D831C9 /* UniversalStudios.png in Resources */,
				253268C81F78C8F400F0FBBB /* TestLocations 14-01-07-612.gpx in Resources */,
				1DF5090B1F7B79B000D831C9 /* Zoo.png in Resources */,
				25E28C6A1F7A1EA0009C254E /* Assets.xcassets in Resources */,
				25E28C701F7A2249009C254E /* turn-right (1).png in Resources */,
			);
			runOnlyForDeploymentPostprocessing = 0;
		};
		251E33FC1F77FE4C0011B98B /* Resources */ = {
			isa = PBXResourcesBuildPhase;
			buildActionMask = 2147483647;
			files = (
			);
			runOnlyForDeploymentPostprocessing = 0;
		};
/* End PBXResourcesBuildPhase section */

/* Begin PBXShellScriptBuildPhase section */
		02D07F10AA9786CB50DBC2A5 /* [CP] Copy Pods Resources */ = {
			isa = PBXShellScriptBuildPhase;
			buildActionMask = 2147483647;
			files = (
			);
			inputPaths = (
			);
			name = "[CP] Copy Pods Resources";
			outputPaths = (
			);
			runOnlyForDeploymentPostprocessing = 0;
			shellPath = /bin/sh;
			shellScript = "\"${SRCROOT}/Pods/Target Support Files/Pods-SG Heritage Explorer/Pods-SG Heritage Explorer-resources.sh\"\n";
			showEnvVarsInLog = 0;
		};
		14893F762F7C0D74091D5A2E /* [CP] Check Pods Manifest.lock */ = {
			isa = PBXShellScriptBuildPhase;
			buildActionMask = 2147483647;
			files = (
			);
			inputPaths = (
				"${PODS_PODFILE_DIR_PATH}/Podfile.lock",
				"${PODS_ROOT}/Manifest.lock",
			);
			name = "[CP] Check Pods Manifest.lock";
			outputPaths = (
				"$(DERIVED_FILE_DIR)/Pods-SG Heritage ExplorerTests-checkManifestLockResult.txt",
			);
			runOnlyForDeploymentPostprocessing = 0;
			shellPath = /bin/sh;
			shellScript = "diff \"${PODS_PODFILE_DIR_PATH}/Podfile.lock\" \"${PODS_ROOT}/Manifest.lock\" > /dev/null\nif [ $? != 0 ] ; then\n    # print error to STDERR\n    echo \"error: The sandbox is not in sync with the Podfile.lock. Run 'pod install' or update your CocoaPods installation.\" >&2\n    exit 1\nfi\n# This output is used by Xcode 'outputs' to avoid re-running this script phase.\necho \"SUCCESS\" > \"${SCRIPT_OUTPUT_FILE_0}\"\n";
			showEnvVarsInLog = 0;
		};
		29F97688E64E2F2026B588DA /* [CP] Copy Pods Resources */ = {
			isa = PBXShellScriptBuildPhase;
			buildActionMask = 2147483647;
			files = (
			);
			inputPaths = (
			);
			name = "[CP] Copy Pods Resources";
			outputPaths = (
			);
			runOnlyForDeploymentPostprocessing = 0;
			shellPath = /bin/sh;
			shellScript = "\"${SRCROOT}/Pods/Target Support Files/Pods-SG Heritage ExplorerTests/Pods-SG Heritage ExplorerTests-resources.sh\"\n";
			showEnvVarsInLog = 0;
		};
		7AB8ED70E3735788B50F5490 /* [CP] Embed Pods Frameworks */ = {
			isa = PBXShellScriptBuildPhase;
			buildActionMask = 2147483647;
			files = (
			);
			inputPaths = (
			);
			name = "[CP] Embed Pods Frameworks";
			outputPaths = (
			);
			runOnlyForDeploymentPostprocessing = 0;
			shellPath = /bin/sh;
			shellScript = "\"${SRCROOT}/Pods/Target Support Files/Pods-SG Heritage ExplorerTests/Pods-SG Heritage ExplorerTests-frameworks.sh\"\n";
			showEnvVarsInLog = 0;
		};
		831D9B341071F85701675F5C /* [CP] Embed Pods Frameworks */ = {
			isa = PBXShellScriptBuildPhase;
			buildActionMask = 2147483647;
			files = (
			);
			inputPaths = (
				"${SRCROOT}/Pods/Target Support Files/Pods-SG Heritage Explorer/Pods-SG Heritage Explorer-frameworks.sh",
				"${PODS_ROOT}/Mapbox-iOS-SDK/dynamic/Mapbox.framework",
				"${PODS_ROOT}/Mapbox-iOS-SDK/dynamic/Mapbox.framework.dSYM",
				"${BUILT_PRODUCTS_DIR}/MapboxDirections.swift/MapboxDirections.framework",
				"${BUILT_PRODUCTS_DIR}/Polyline/Polyline.framework",
				"${BUILT_PRODUCTS_DIR}/SwiftLocation/SwiftLocation.framework",
				"${BUILT_PRODUCTS_DIR}/UICircularProgressRing/UICircularProgressRing.framework",
			);
			name = "[CP] Embed Pods Frameworks";
			outputPaths = (
				"${TARGET_BUILD_DIR}/${FRAMEWORKS_FOLDER_PATH}/Mapbox.framework",
				"${DWARF_DSYM_FOLDER_PATH}/Mapbox.framework.dSYM",
				"${TARGET_BUILD_DIR}/${FRAMEWORKS_FOLDER_PATH}/MapboxDirections.framework",
				"${TARGET_BUILD_DIR}/${FRAMEWORKS_FOLDER_PATH}/Polyline.framework",
				"${TARGET_BUILD_DIR}/${FRAMEWORKS_FOLDER_PATH}/SwiftLocation.framework",
				"${TARGET_BUILD_DIR}/${FRAMEWORKS_FOLDER_PATH}/UICircularProgressRing.framework",
			);
			runOnlyForDeploymentPostprocessing = 0;
			shellPath = /bin/sh;
			shellScript = "\"${SRCROOT}/Pods/Target Support Files/Pods-SG Heritage Explorer/Pods-SG Heritage Explorer-frameworks.sh\"\n";
			showEnvVarsInLog = 0;
		};
		8B8A5159A9804F00A10BB2AD /* [CP] Check Pods Manifest.lock */ = {
			isa = PBXShellScriptBuildPhase;
			buildActionMask = 2147483647;
			files = (
			);
			inputPaths = (
				"${PODS_PODFILE_DIR_PATH}/Podfile.lock",
				"${PODS_ROOT}/Manifest.lock",
			);
			name = "[CP] Check Pods Manifest.lock";
			outputPaths = (
				"$(DERIVED_FILE_DIR)/Pods-SG Heritage Explorer-checkManifestLockResult.txt",
			);
			runOnlyForDeploymentPostprocessing = 0;
			shellPath = /bin/sh;
			shellScript = "diff \"${PODS_PODFILE_DIR_PATH}/Podfile.lock\" \"${PODS_ROOT}/Manifest.lock\" > /dev/null\nif [ $? != 0 ] ; then\n    # print error to STDERR\n    echo \"error: The sandbox is not in sync with the Podfile.lock. Run 'pod install' or update your CocoaPods installation.\" >&2\n    exit 1\nfi\n# This output is used by Xcode 'outputs' to avoid re-running this script phase.\necho \"SUCCESS\" > \"${SCRIPT_OUTPUT_FILE_0}\"\n";
			showEnvVarsInLog = 0;
		};
/* End PBXShellScriptBuildPhase section */

/* Begin PBXSourcesBuildPhase section */
		251E33E61F77FE4C0011B98B /* Sources */ = {
			isa = PBXSourcesBuildPhase;
			buildActionMask = 2147483647;
			files = (
				11C5CED11F795A0D00CCB8A1 /* LocationData.swift in Sources */,
				251E33F01F77FE4C0011B98B /* ViewController.swift in Sources */,
				25E28C641F7977B4009C254E /* AppUtilities.swift in Sources */,
				251E33EE1F77FE4C0011B98B /* AppDelegate.swift in Sources */,
				25773DF41F7A4FEA003D7A9F /* PopUpViewController.swift in Sources */,
				251E34181F7815210011B98B /* Quiz.swift in Sources */,
				251E341A1F78152B0011B98B /* User.swift in Sources */,
				25773DF21F7A4FB7003D7A9F /* RewardsViewController.swift in Sources */,
				112D7CB11F7B7C5800FB5E00 /* SearchViewController.swift in Sources */,
				112D7CAF1F7B77D200FB5E00 /* Place.swift in Sources */,
				251E341F1F78154A0011B98B /* Rewards.swift in Sources */,
				112D7CB31F7B7FB900FB5E00 /* PlaceCell.swift in Sources */,
				251E341C1F7815360011B98B /* Location.swift in Sources */,
				251E34161F7815110011B98B /* Heritage.swift in Sources */,
				251E34221F781C350011B98B /* MapUtilities.swift in Sources */,
			);
			runOnlyForDeploymentPostprocessing = 0;
		};
		251E33FA1F77FE4C0011B98B /* Sources */ = {
			isa = PBXSourcesBuildPhase;
			buildActionMask = 2147483647;
			files = (
				251E34031F77FE4C0011B98B /* SG_Heritage_ExplorerTests.swift in Sources */,
			);
			runOnlyForDeploymentPostprocessing = 0;
		};
/* End PBXSourcesBuildPhase section */

/* Begin PBXTargetDependency section */
		251E34001F77FE4C0011B98B /* PBXTargetDependency */ = {
			isa = PBXTargetDependency;
			target = 251E33E91F77FE4C0011B98B /* SG Heritage Explorer */;
			targetProxy = 251E33FF1F77FE4C0011B98B /* PBXContainerItemProxy */;
		};
/* End PBXTargetDependency section */

/* Begin PBXVariantGroup section */
		251E33F11F77FE4C0011B98B /* Main.storyboard */ = {
			isa = PBXVariantGroup;
			children = (
				251E33F21F77FE4C0011B98B /* Base */,
			);
			name = Main.storyboard;
			sourceTree = "<group>";
		};
		251E33F61F77FE4C0011B98B /* LaunchScreen.storyboard */ = {
			isa = PBXVariantGroup;
			children = (
				251E33F71F77FE4C0011B98B /* Base */,
			);
			name = LaunchScreen.storyboard;
			sourceTree = "<group>";
		};
/* End PBXVariantGroup section */

/* Begin XCBuildConfiguration section */
		251E34051F77FE4C0011B98B /* Debug */ = {
			isa = XCBuildConfiguration;
			buildSettings = {
				ALWAYS_SEARCH_USER_PATHS = NO;
				CLANG_ANALYZER_NONNULL = YES;
				CLANG_CXX_LANGUAGE_STANDARD = "gnu++0x";
				CLANG_CXX_LIBRARY = "libc++";
				CLANG_ENABLE_MODULES = YES;
				CLANG_ENABLE_OBJC_ARC = YES;
				CLANG_WARN_BOOL_CONVERSION = YES;
				CLANG_WARN_CONSTANT_CONVERSION = YES;
				CLANG_WARN_DIRECT_OBJC_ISA_USAGE = YES_ERROR;
				CLANG_WARN_DOCUMENTATION_COMMENTS = YES;
				CLANG_WARN_EMPTY_BODY = YES;
				CLANG_WARN_ENUM_CONVERSION = YES;
				CLANG_WARN_INFINITE_RECURSION = YES;
				CLANG_WARN_INT_CONVERSION = YES;
				CLANG_WARN_OBJC_ROOT_CLASS = YES_ERROR;
				CLANG_WARN_SUSPICIOUS_MOVE = YES;
				CLANG_WARN_UNREACHABLE_CODE = YES;
				CLANG_WARN__DUPLICATE_METHOD_MATCH = YES;
				"CODE_SIGN_IDENTITY[sdk=iphoneos*]" = "iPhone Developer";
				COPY_PHASE_STRIP = NO;
				DEBUG_INFORMATION_FORMAT = dwarf;
				ENABLE_STRICT_OBJC_MSGSEND = YES;
				ENABLE_TESTABILITY = YES;
				GCC_C_LANGUAGE_STANDARD = gnu99;
				GCC_DYNAMIC_NO_PIC = NO;
				GCC_NO_COMMON_BLOCKS = YES;
				GCC_OPTIMIZATION_LEVEL = 0;
				GCC_PREPROCESSOR_DEFINITIONS = (
					"DEBUG=1",
					"$(inherited)",
				);
				GCC_WARN_64_TO_32_BIT_CONVERSION = YES;
				GCC_WARN_ABOUT_RETURN_TYPE = YES_ERROR;
				GCC_WARN_UNDECLARED_SELECTOR = YES;
				GCC_WARN_UNINITIALIZED_AUTOS = YES_AGGRESSIVE;
				GCC_WARN_UNUSED_FUNCTION = YES;
				GCC_WARN_UNUSED_VARIABLE = YES;
				IPHONEOS_DEPLOYMENT_TARGET = 10.2;
				MTL_ENABLE_DEBUG_INFO = YES;
				ONLY_ACTIVE_ARCH = YES;
				SDKROOT = iphoneos;
				SWIFT_ACTIVE_COMPILATION_CONDITIONS = DEBUG;
				SWIFT_OPTIMIZATION_LEVEL = "-Onone";
				TARGETED_DEVICE_FAMILY = "1,2";
			};
			name = Debug;
		};
		251E34061F77FE4C0011B98B /* Release */ = {
			isa = XCBuildConfiguration;
			buildSettings = {
				ALWAYS_SEARCH_USER_PATHS = NO;
				CLANG_ANALYZER_NONNULL = YES;
				CLANG_CXX_LANGUAGE_STANDARD = "gnu++0x";
				CLANG_CXX_LIBRARY = "libc++";
				CLANG_ENABLE_MODULES = YES;
				CLANG_ENABLE_OBJC_ARC = YES;
				CLANG_WARN_BOOL_CONVERSION = YES;
				CLANG_WARN_CONSTANT_CONVERSION = YES;
				CLANG_WARN_DIRECT_OBJC_ISA_USAGE = YES_ERROR;
				CLANG_WARN_DOCUMENTATION_COMMENTS = YES;
				CLANG_WARN_EMPTY_BODY = YES;
				CLANG_WARN_ENUM_CONVERSION = YES;
				CLANG_WARN_INFINITE_RECURSION = YES;
				CLANG_WARN_INT_CONVERSION = YES;
				CLANG_WARN_OBJC_ROOT_CLASS = YES_ERROR;
				CLANG_WARN_SUSPICIOUS_MOVE = YES;
				CLANG_WARN_UNREACHABLE_CODE = YES;
				CLANG_WARN__DUPLICATE_METHOD_MATCH = YES;
				"CODE_SIGN_IDENTITY[sdk=iphoneos*]" = "iPhone Developer";
				COPY_PHASE_STRIP = NO;
				DEBUG_INFORMATION_FORMAT = "dwarf-with-dsym";
				ENABLE_NS_ASSERTIONS = NO;
				ENABLE_STRICT_OBJC_MSGSEND = YES;
				GCC_C_LANGUAGE_STANDARD = gnu99;
				GCC_NO_COMMON_BLOCKS = YES;
				GCC_WARN_64_TO_32_BIT_CONVERSION = YES;
				GCC_WARN_ABOUT_RETURN_TYPE = YES_ERROR;
				GCC_WARN_UNDECLARED_SELECTOR = YES;
				GCC_WARN_UNINITIALIZED_AUTOS = YES_AGGRESSIVE;
				GCC_WARN_UNUSED_FUNCTION = YES;
				GCC_WARN_UNUSED_VARIABLE = YES;
				IPHONEOS_DEPLOYMENT_TARGET = 10.2;
				MTL_ENABLE_DEBUG_INFO = NO;
				SDKROOT = iphoneos;
				SWIFT_OPTIMIZATION_LEVEL = "-Owholemodule";
				TARGETED_DEVICE_FAMILY = "1,2";
				VALIDATE_PRODUCT = YES;
			};
			name = Release;
		};
		251E34081F77FE4C0011B98B /* Debug */ = {
			isa = XCBuildConfiguration;
			baseConfigurationReference = 815830FBA09A8E6CC3F2F1A4 /* Pods-SG Heritage Explorer.debug.xcconfig */;
			buildSettings = {
				ASSETCATALOG_COMPILER_APPICON_NAME = AppIcon;
				DEVELOPMENT_TEAM = 7DV725VJBB;
				EMBED_ASSET_PACKS_IN_PRODUCT_BUNDLE = YES;
				INFOPLIST_FILE = "SG Heritage Explorer/Info.plist";
				IPHONEOS_DEPLOYMENT_TARGET = 9.0;
				LD_RUNPATH_SEARCH_PATHS = "$(inherited) @executable_path/Frameworks";
				PRODUCT_BUNDLE_IDENTIFIER = "com.Survivor.SG-Heritage-ExplorerImran";
				PRODUCT_NAME = "$(TARGET_NAME)";
				SWIFT_VERSION = 3.0;
			};
			name = Debug;
		};
		251E34091F77FE4C0011B98B /* Release */ = {
			isa = XCBuildConfiguration;
			baseConfigurationReference = 43BBC929AA6EDF465A22ED0E /* Pods-SG Heritage Explorer.release.xcconfig */;
			buildSettings = {
				ASSETCATALOG_COMPILER_APPICON_NAME = AppIcon;
				DEVELOPMENT_TEAM = 7DV725VJBB;
				EMBED_ASSET_PACKS_IN_PRODUCT_BUNDLE = YES;
				INFOPLIST_FILE = "SG Heritage Explorer/Info.plist";
				IPHONEOS_DEPLOYMENT_TARGET = 9.0;
				LD_RUNPATH_SEARCH_PATHS = "$(inherited) @executable_path/Frameworks";
				PRODUCT_BUNDLE_IDENTIFIER = "com.Survivor.SG-Heritage-ExplorerImran";
				PRODUCT_NAME = "$(TARGET_NAME)";
				SWIFT_VERSION = 3.0;
			};
			name = Release;
		};
		251E340B1F77FE4C0011B98B /* Debug */ = {
			isa = XCBuildConfiguration;
			baseConfigurationReference = 79FF7AA4F6F27967FF31F508 /* Pods-SG Heritage ExplorerTests.debug.xcconfig */;
			buildSettings = {
				ALWAYS_EMBED_SWIFT_STANDARD_LIBRARIES = YES;
				BUNDLE_LOADER = "$(TEST_HOST)";
				DEVELOPMENT_TEAM = MZ483TW92Y;
				INFOPLIST_FILE = "SG Heritage ExplorerTests/Info.plist";
				LD_RUNPATH_SEARCH_PATHS = "$(inherited) @executable_path/Frameworks @loader_path/Frameworks";
				PRODUCT_BUNDLE_IDENTIFIER = "com.Survivor.SG-Heritage-ExplorerTests";
				PRODUCT_NAME = "$(TARGET_NAME)";
				SWIFT_VERSION = 3.0;
				TEST_HOST = "$(BUILT_PRODUCTS_DIR)/SG Heritage Explorer.app/SG Heritage Explorer";
			};
			name = Debug;
		};
		251E340C1F77FE4C0011B98B /* Release */ = {
			isa = XCBuildConfiguration;
			baseConfigurationReference = A0AAE9C2C638C0800ED5EF06 /* Pods-SG Heritage ExplorerTests.release.xcconfig */;
			buildSettings = {
				ALWAYS_EMBED_SWIFT_STANDARD_LIBRARIES = YES;
				BUNDLE_LOADER = "$(TEST_HOST)";
				DEVELOPMENT_TEAM = MZ483TW92Y;
				INFOPLIST_FILE = "SG Heritage ExplorerTests/Info.plist";
				LD_RUNPATH_SEARCH_PATHS = "$(inherited) @executable_path/Frameworks @loader_path/Frameworks";
				PRODUCT_BUNDLE_IDENTIFIER = "com.Survivor.SG-Heritage-ExplorerTests";
				PRODUCT_NAME = "$(TARGET_NAME)";
				SWIFT_VERSION = 3.0;
				TEST_HOST = "$(BUILT_PRODUCTS_DIR)/SG Heritage Explorer.app/SG Heritage Explorer";
			};
			name = Release;
		};
/* End XCBuildConfiguration section */

/* Begin XCConfigurationList section */
		251E33E51F77FE4C0011B98B /* Build configuration list for PBXProject "SG Heritage Explorer" */ = {
			isa = XCConfigurationList;
			buildConfigurations = (
				251E34051F77FE4C0011B98B /* Debug */,
				251E34061F77FE4C0011B98B /* Release */,
			);
			defaultConfigurationIsVisible = 0;
			defaultConfigurationName = Release;
		};
		251E34071F77FE4C0011B98B /* Build configuration list for PBXNativeTarget "SG Heritage Explorer" */ = {
			isa = XCConfigurationList;
			buildConfigurations = (
				251E34081F77FE4C0011B98B /* Debug */,
				251E34091F77FE4C0011B98B /* Release */,
			);
			defaultConfigurationIsVisible = 0;
			defaultConfigurationName = Release;
		};
		251E340A1F77FE4C0011B98B /* Build configuration list for PBXNativeTarget "SG Heritage ExplorerTests" */ = {
			isa = XCConfigurationList;
			buildConfigurations = (
				251E340B1F77FE4C0011B98B /* Debug */,
				251E340C1F77FE4C0011B98B /* Release */,
			);
			defaultConfigurationIsVisible = 0;
			defaultConfigurationName = Release;
		};
/* End XCConfigurationList section */
	};
	rootObject = 251E33E21F77FE4C0011B98B /* Project object */;
}
